
Microsoft Visual Studio Solution File, Format Version 12.00
# Visual Studio 15
VisualStudioVersion = 15.0.28307.168
MinimumVisualStudioVersion = 10.0.40219.1
Project("{FAE04EC0-301F-11D3-BF4B-00C04F79EFBC}") = "CorePasswordKeeper", "CorePasswordKeeper\CorePasswordKeeper.csproj", "{F46883B6-DE6B-4203-92A7-0AC15F3C3411}"
EndProject
Project("{FAE04EC0-301F-11D3-BF4B-00C04F79EFBC}") = "FlyPassword.UWP", "FlyPassword.UWP\FlyPassword.UWP.csproj", "{472A74F2-5A2E-467A-944C-12413F29255F}"
EndProject
Global
	GlobalSection(SolutionConfigurationPlatforms) = preSolution
		Debug|Any CPU = Debug|Any CPU
		Debug|ARM = Debug|ARM
		Debug|ARM64 = Debug|ARM64
		Debug|x64 = Debug|x64
		Debug|x86 = Debug|x86
		Release|Any CPU = Release|Any CPU
		Release|ARM = Release|ARM
		Release|ARM64 = Release|ARM64
		Release|x64 = Release|x64
		Release|x86 = Release|x86
	EndGlobalSection
	GlobalSection(ProjectConfigurationPlatforms) = postSolution
		{F46883B6-DE6B-4203-92A7-0AC15F3C3411}.Debug|Any CPU.ActiveCfg = Debug|Any CPU
		{F46883B6-DE6B-4203-92A7-0AC15F3C3411}.Debug|Any CPU.Build.0 = Debug|Any CPU
		{F46883B6-DE6B-4203-92A7-0AC15F3C3411}.Debug|ARM.ActiveCfg = Debug|Any CPU
		{F46883B6-DE6B-4203-92A7-0AC15F3C3411}.Debug|ARM.Build.0 = Debug|Any CPU
		{F46883B6-DE6B-4203-92A7-0AC15F3C3411}.Debug|ARM64.ActiveCfg = Debug|Any CPU
		{F46883B6-DE6B-4203-92A7-0AC15F3C3411}.Debug|ARM64.Build.0 = Debug|Any CPU
		{F46883B6-DE6B-4203-92A7-0AC15F3C3411}.Debug|x64.ActiveCfg = Debug|Any CPU
		{F46883B6-DE6B-4203-92A7-0AC15F3C3411}.Debug|x64.Build.0 = Debug|Any CPU
		{F46883B6-DE6B-4203-92A7-0AC15F3C3411}.Debug|x86.ActiveCfg = Debug|Any CPU
		{F46883B6-DE6B-4203-92A7-0AC15F3C3411}.Debug|x86.Build.0 = Debug|Any CPU
		{F46883B6-DE6B-4203-92A7-0AC15F3C3411}.Release|Any CPU.ActiveCfg = Release|Any CPU
		{F46883B6-DE6B-4203-92A7-0AC15F3C3411}.Release|Any CPU.Build.0 = Release|Any CPU
		{F46883B6-DE6B-4203-92A7-0AC15F3C3411}.Release|ARM.ActiveCfg = Release|Any CPU
		{F46883B6-DE6B-4203-92A7-0AC15F3C3411}.Release|ARM.Build.0 = Release|Any CPU
		{F46883B6-DE6B-4203-92A7-0AC15F3C3411}.Release|ARM64.ActiveCfg = Release|Any CPU
		{F46883B6-DE6B-4203-92A7-0AC15F3C3411}.Release|ARM64.Build.0 = Release|Any CPU
		{F46883B6-DE6B-4203-92A7-0AC15F3C3411}.Release|x64.ActiveCfg = Release|Any CPU
		{F46883B6-DE6B-4203-92A7-0AC15F3C3411}.Release|x64.Build.0 = Release|Any CPU
		{F46883B6-DE6B-4203-92A7-0AC15F3C3411}.Release|x86.ActiveCfg = Release|Any CPU
		{F46883B6-DE6B-4203-92A7-0AC15F3C3411}.Release|x86.Build.0 = Release|Any CPU
		{472A74F2-5A2E-467A-944C-12413F29255F}.Debug|Any CPU.ActiveCfg = Debug|x86
		{472A74F2-5A2E-467A-944C-12413F29255F}.Debug|ARM.ActiveCfg = Debug|ARM
		{472A74F2-5A2E-467A-944C-12413F29255F}.Debug|ARM.Build.0 = Debug|ARM
		{472A74F2-5A2E-467A-944C-12413F29255F}.Debug|ARM.Deploy.0 = Debug|ARM
		{472A74F2-5A2E-467A-944C-12413F29255F}.Debug|ARM64.ActiveCfg = Debug|ARM64
		{472A74F2-5A2E-467A-944C-12413F29255F}.Debug|ARM64.Build.0 = Debug|ARM64
		{472A74F2-5A2E-467A-944C-12413F29255F}.Debug|ARM64.Deploy.0 = Debug|ARM64
		{472A74F2-5A2E-467A-944C-12413F29255F}.Debug|x64.ActiveCfg = Debug|x64
		{472A74F2-5A2E-467A-944C-12413F29255F}.Debug|x64.Build.0 = Debug|x64
		{472A74F2-5A2E-467A-944C-12413F29255F}.Debug|x64.Deploy.0 = Debug|x64
		{472A74F2-5A2E-467A-944C-12413F29255F}.Debug|x86.ActiveCfg = Debug|x86
		{472A74F2-5A2E-467A-944C-12413F29255F}.Debug|x86.Build.0 = Debug|x86
		{472A74F2-5A2E-467A-944C-12413F29255F}.Debug|x86.Deploy.0 = Debug|x86
		{472A74F2-5A2E-467A-944C-12413F29255F}.Release|Any CPU.ActiveCfg = Release|x86
		{472A74F2-5A2E-467A-944C-12413F29255F}.Release|ARM.ActiveCfg = Release|ARM
		{472A74F2-5A2E-467A-944C-12413F29255F}.Release|ARM.Build.0 = Release|ARM
		{472A74F2-5A2E-467A-944C-12413F29255F}.Release|ARM.Deploy.0 = Release|ARM
		{472A74F2-5A2E-467A-944C-12413F29255F}.Release|ARM64.ActiveCfg = Release|ARM64
		{472A74F2-5A2E-467A-944C-12413F29255F}.Release|ARM64.Build.0 = Release|ARM64
		{472A74F2-5A2E-467A-944C-12413F29255F}.Release|ARM64.Deploy.0 = Release|ARM64
		{472A74F2-5A2E-467A-944C-12413F29255F}.Release|x64.ActiveCfg = Release|x64
		{472A74F2-5A2E-467A-944C-12413F29255F}.Release|x64.Build.0 = Release|x64
		{472A74F2-5A2E-467A-944C-12413F29255F}.Release|x64.Deploy.0 = Release|x64
		{472A74F2-5A2E-467A-944C-12413F29255F}.Release|x86.ActiveCfg = Release|x86
		{472A74F2-5A2E-467A-944C-12413F29255F}.Release|x86.Build.0 = Release|x86
		{472A74F2-5A2E-467A-944C-12413F29255F}.Release|x86.Deploy.0 = Release|x86
	EndGlobalSection
	GlobalSection(SolutionProperties) = preSolution
		HideSolutionNode = FALSE
	EndGlobalSection
	GlobalSection(ExtensibilityGlobals) = postSolution
		SolutionGuid = {79170265-7040-4EC1-B326-E1712D66E0FA}
	EndGlobalSection
EndGlobal
